
Microsoft Visual Studio Solution File, Format Version 12.00
# Visual Studio 14
VisualStudioVersion = 14.0.25420.1
MinimumVisualStudioVersion = 10.0.40219.1
Project("{FAE04EC0-301F-11D3-BF4B-00C04F79EFBC}") = "CryptoReminder.Core", "CryptoReminder.Core\CryptoReminder.Core.csproj", "{281494D4-C7B4-4DD7-BA20-0308461134DA}"
EndProject
Project("{FAE04EC0-301F-11D3-BF4B-00C04F79EFBC}") = "CryptoReminder.Droid", "CryptoReminder.Droid\CryptoReminder.Droid.csproj", "{7449115D-8FFD-43A6-8E15-DDFAF11BB4B1}"
EndProject
Global
	GlobalSection(SolutionConfigurationPlatforms) = preSolution
		Debug|Any CPU = Debug|Any CPU
		Release|Any CPU = Release|Any CPU
	EndGlobalSection
	GlobalSection(ProjectConfigurationPlatforms) = postSolution
		{281494D4-C7B4-4DD7-BA20-0308461134DA}.Debug|Any CPU.ActiveCfg = Debug|Any CPU
		{281494D4-C7B4-4DD7-BA20-0308461134DA}.Debug|Any CPU.Build.0 = Debug|Any CPU
		{281494D4-C7B4-4DD7-BA20-0308461134DA}.Release|Any CPU.ActiveCfg = Release|Any CPU
		{281494D4-C7B4-4DD7-BA20-0308461134DA}.Release|Any CPU.Build.0 = Release|Any CPU
		{7449115D-8FFD-43A6-8E15-DDFAF11BB4B1}.Debug|Any CPU.ActiveCfg = Debug|Any CPU
		{7449115D-8FFD-43A6-8E15-DDFAF11BB4B1}.Debug|Any CPU.Build.0 = Debug|Any CPU
		{7449115D-8FFD-43A6-8E15-DDFAF11BB4B1}.Debug|Any CPU.Deploy.0 = Debug|Any CPU
		{7449115D-8FFD-43A6-8E15-DDFAF11BB4B1}.Release|Any CPU.ActiveCfg = Release|Any CPU
		{7449115D-8FFD-43A6-8E15-DDFAF11BB4B1}.Release|Any CPU.Build.0 = Release|Any CPU
		{7449115D-8FFD-43A6-8E15-DDFAF11BB4B1}.Release|Any CPU.Deploy.0 = Release|Any CPU
	EndGlobalSection
	GlobalSection(SolutionProperties) = preSolution
		HideSolutionNode = FALSE
	EndGlobalSection
EndGlobal
